
Microsoft Visual Studio Solution File, Format Version 12.00
# Visual Studio Version 17
VisualStudioVersion = 17.5.33414.496
MinimumVisualStudioVersion = 10.0.40219.1
Project("{8BC9CEB8-8B4A-11D0-8D11-00A0C91BC942}") = "Bubblesort", "Bubblesort\Bubblesort.vcxproj", "{9BD20E59-0183-4EC7-B8FD-FD7E8AB344DC}"
EndProject
Global
	GlobalSection(SolutionConfigurationPlatforms) = preSolution
		Debug|x64 = Debug|x64
		Debug|x86 = Debug|x86
		Release|x64 = Release|x64
		Release|x86 = Release|x86
	EndGlobalSection
	GlobalSection(ProjectConfigurationPlatforms) = postSolution
		{9BD20E59-0183-4EC7-B8FD-FD7E8AB344DC}.Debug|x64.ActiveCfg = Debug|x64
		{9BD20E59-0183-4EC7-B8FD-FD7E8AB344DC}.Debug|x64.Build.0 = Debug|x64
		{9BD20E59-0183-4EC7-B8FD-FD7E8AB344DC}.Debug|x86.ActiveCfg = Debug|Win32
		{9BD20E59-0183-4EC7-B8FD-FD7E8AB344DC}.Debug|x86.Build.0 = Debug|Win32
		{9BD20E59-0183-4EC7-B8FD-FD7E8AB344DC}.Release|x64.ActiveCfg = Release|x64
		{9BD20E59-0183-4EC7-B8FD-FD7E8AB344DC}.Release|x64.Build.0 = Release|x64
		{9BD20E59-0183-4EC7-B8FD-FD7E8AB344DC}.Release|x86.ActiveCfg = Release|Win32
		{9BD20E59-0183-4EC7-B8FD-FD7E8AB344DC}.Release|x86.Build.0 = Release|Win32
	EndGlobalSection
	GlobalSection(SolutionProperties) = preSolution
		HideSolutionNode = FALSE
	EndGlobalSection
	GlobalSection(ExtensibilityGlobals) = postSolution
		SolutionGuid = {5FB2D963-51CC-46FA-8BEE-46F7DC982779}
	EndGlobalSection
EndGlobal
